
Microsoft Visual Studio Solution File, Format Version 12.00
# Visual Studio Version 16
VisualStudioVersion = 16.0.29409.12
MinimumVisualStudioVersion = 10.0.40219.1
Project("{9A19103F-16F7-4668-BE54-9A1E7A4F7556}") = "IpDomainInfoService", "IpDomainInfoService\IpDomainInfoService.csproj", "{C3596EA0-B95E-4D54-A0F2-07977DCB5DE5}"
EndProject
Global
	GlobalSection(SolutionConfigurationPlatforms) = preSolution
		Debug|Any CPU = Debug|Any CPU
		Release|Any CPU = Release|Any CPU
	EndGlobalSection
	GlobalSection(ProjectConfigurationPlatforms) = postSolution
		{C3596EA0-B95E-4D54-A0F2-07977DCB5DE5}.Debug|Any CPU.ActiveCfg = Debug|Any CPU
		{C3596EA0-B95E-4D54-A0F2-07977DCB5DE5}.Debug|Any CPU.Build.0 = Debug|Any CPU
		{C3596EA0-B95E-4D54-A0F2-07977DCB5DE5}.Release|Any CPU.ActiveCfg = Release|Any CPU
		{C3596EA0-B95E-4D54-A0F2-07977DCB5DE5}.Release|Any CPU.Build.0 = Release|Any CPU
	EndGlobalSection
	GlobalSection(SolutionProperties) = preSolution
		HideSolutionNode = FALSE
	EndGlobalSection
	GlobalSection(ExtensibilityGlobals) = postSolution
		SolutionGuid = {790A8496-C8D7-46C5-843E-4DB055B8FFF8}
	EndGlobalSection
EndGlobal
